
Microsoft Visual Studio Solution File, Format Version 12.00
# Visual Studio 15
VisualStudioVersion = 15.0.27004.2008
MinimumVisualStudioVersion = 10.0.40219.1
Project("{FAE04EC0-301F-11D3-BF4B-00C04F79EFBC}") = "cremeBrulee", "cremeBrulee\cremeBrulee.csproj", "{5E64B970-A454-4282-91D7-1C85D04D1B17}"
EndProject
Project("{2150E333-8FDC-42A3-9474-1A3956D46DE8}") = "Servicios", "Servicios", "{0CF34EC8-F601-4BCC-B743-BEB6CC9C1085}"
EndProject
Global
	GlobalSection(SolutionConfigurationPlatforms) = preSolution
		Debug|Any CPU = Debug|Any CPU
		Release|Any CPU = Release|Any CPU
	EndGlobalSection
	GlobalSection(ProjectConfigurationPlatforms) = postSolution
		{5E64B970-A454-4282-91D7-1C85D04D1B17}.Debug|Any CPU.ActiveCfg = Debug|Any CPU
		{5E64B970-A454-4282-91D7-1C85D04D1B17}.Debug|Any CPU.Build.0 = Debug|Any CPU
		{5E64B970-A454-4282-91D7-1C85D04D1B17}.Release|Any CPU.ActiveCfg = Release|Any CPU
		{5E64B970-A454-4282-91D7-1C85D04D1B17}.Release|Any CPU.Build.0 = Release|Any CPU
	EndGlobalSection
	GlobalSection(SolutionProperties) = preSolution
		HideSolutionNode = FALSE
	EndGlobalSection
	GlobalSection(ExtensibilityGlobals) = postSolution
		SolutionGuid = {4BC70752-74DC-41AD-B218-EC0E0C798D6E}
	EndGlobalSection
EndGlobal
